// !$*UTF8*$!
{
	archiveVersion = 1;
	classes = { };
	objectVersion = 55;
	objects = {

/* Begin PBXBuildFile section */
		1D60589B0D05DD3D006BFB54 /* junkdrawer_iosApp.swift in Sources */ = {isa = PBXBuildFile; fileRef = 1D60589C0D05DD3D006BFB54 /* junkdrawer_iosApp.swift */; };
		1D60589D0D05DD3D006BFB54 /* ContentView.swift in Sources */ = {isa = PBXBuildFile; fileRef = 1D60589E0D05DD3D006BFB54 /* ContentView.swift */; };
/* End PBXBuildFile section */

/* Begin PBXFileReference section */
		1D60589C0D05DD3D006BFB54 /* junkdrawer_iosApp.swift */ = {isa = PBXFileReference; lastKnownFileType = sourcecode.swift; path = junkdrawer_iosApp.swift; sourceTree = "<group>"; };
		1D60589E0D05DD3D006BFB54 /* ContentView.swift */ = {isa = PBXFileReference; lastKnownFileType = sourcecode.swift; path = ContentView.swift; sourceTree = "<group>"; };
		1D60589F0D05DD3D006BFB54 /* Info.plist */ = {isa = PBXFileReference; lastKnownFileType = text.plist.xml; path = Info.plist; sourceTree = "<group>"; };
/* End PBXFileReference section */

/* Begin PBXGroup section */
		1D60588D0D05DD3D006BFB54 = {
			isa = PBXGroup;
			children = (
				1D60589C0D05DD3D006BFB54,
				1D60589E0D05DD3D006BFB54,
				1D60589F0D05DD3D006BFB54,
			);
			path = "";
			sourceTree = "<group>";
		};
/* End PBXGroup section */

/* Begin PBXProject section */
		1D6058900D05DD3D006BFB54 = {
			isa = PBXProject;
			attributes = {
				LastUpgradeCheck = 1300;
				ORGANIZATIONNAME = "Junk Drawer";
			};
			buildConfigurationList = 1D6058910D05DD3D006BFB54;
			compatibilityVersion = "Xcode 12.0";
			developmentRegion = en;
			hasScannedForEncodings = 0;
			knownRegions = (en, es, fr, Base);
			mainGroup = 1D60588D0D05DD3D006BFB54;
			productRefGroup = 1D60588D0D05DD3D006BFB54;
			projectDirPath = "";
			projectRoot = "";
			targets = (1D60588E0D05DD3D006BFB54);
		};
/* End PBXProject section */

/* Begin PBXNativeTarget section */
		1D60588E0D05DD3D006BFB54 = {
			isa = PBXNativeTarget;
			buildConfigurationList = 1D60588F0D05DD3D006BFB54;
			buildPhases = ();
			buildRules = ();
			dependencies = ();
			name = "junkdrawer-ios";
			productName = "junkdrawer-ios";
			productType = "com.apple.product-type.application";
		};
/* End PBXNativeTarget section */

/* Begin XCBuildConfiguration section */
		1D60588F0D05DD3D006BFB55 = {
			isa = XCBuildConfiguration;
			buildSettings = {
				PRODUCT_NAME = "$(TARGET_NAME)";
				INFOPLIST_FILE = "Info.plist";
				SWIFT_VERSION = 5.0;
			};
			name = Debug;
		};
		1D60588F0D05DD3D006BFB56 = {
			isa = XCBuildConfiguration;
			buildSettings = {
				PRODUCT_NAME = "$(TARGET_NAME)";
				INFOPLIST_FILE = "Info.plist";
				SWIFT_VERSION = 5.0;
			};
			name = Release;
		};
/* End XCBuildConfiguration section */

/* Begin XCConfigurationList section */
		1D6058910D05DD3D006BFB54 = {
			isa = XCConfigurationList;
			buildConfigurations = (
				1D60588F0D05DD3D006BFB55,
				1D60588F0D05DD3D006BFB56,
			);
			defaultConfigurationIsVisible = 0;
			defaultConfigurationName = Release;
		};
/* End XCConfigurationList section */

	};
	rootObject = 1D6058900D05DD3D006BFB54;
}